
Microsoft Visual Studio Solution File, Format Version 12.00
# Visual Studio 2012
Project("{FAE04EC0-301F-11D3-BF4B-00C04F79EFBC}") = "Musician", "Musician.csproj", "{758CFD2E-5AE5-4B07-B483-79160B1196C7}"
EndProject
Global
	GlobalSection(SolutionConfigurationPlatforms) = preSolution
		Debug|Any CPU = Debug|Any CPU
		Release|Any CPU = Release|Any CPU
	EndGlobalSection
	GlobalSection(ProjectConfigurationPlatforms) = postSolution
		{758CFD2E-5AE5-4B07-B483-79160B1196C7}.Debug|Any CPU.ActiveCfg = Debug|Any CPU
		{758CFD2E-5AE5-4B07-B483-79160B1196C7}.Debug|Any CPU.Build.0 = Debug|Any CPU
		{758CFD2E-5AE5-4B07-B483-79160B1196C7}.Release|Any CPU.ActiveCfg = Release|Any CPU
		{758CFD2E-5AE5-4B07-B483-79160B1196C7}.Release|Any CPU.Build.0 = Release|Any CPU
	EndGlobalSection
	GlobalSection(SolutionProperties) = preSolution
		HideSolutionNode = FALSE
	EndGlobalSection
EndGlobal
